github.com/devkaare/db2 v0.0.0-20240603192800-89d3c0666201 h1:L4fm3p3w7mZg0OhHjHhEdIavmgi8qCpOisCxtlDUrDE=
github.com/devkaare/db2 v0.0.0-20240603192800-89d3c0666201/go.mod h1:TjiZl6yGhOQ2FfTwPEaompB7iPmPQly+L42SwcqFBP0=
github.com/google/uuid v1.6.0 h1:NIvaJDMOsjHA8n1jAhLSgzrAzy1Hgr+hNrb57e+94F0=
github.com/google/uuid v1.6.0/go.mod h1:TIyPZe4MgqvfeYDBFedMoGGpEw/LqOeaOT+nhxU+yHo=
