github.com/devkaare/db2 v0.0.0-20240531205545-b737d544b45c h1:LaVoe1dsLf8tHeK0qAHfrgo6+7nA3cgeDMHPtbXMD7M=
github.com/devkaare/db2 v0.0.0-20240531205545-b737d544b45c/go.mod h1:TjiZl6yGhOQ2FfTwPEaompB7iPmPQly+L42SwcqFBP0=
github.com/google/uuid v1.6.0 h1:NIvaJDMOsjHA8n1jAhLSgzrAzy1Hgr+hNrb57e+94F0=
github.com/google/uuid v1.6.0/go.mod h1:TIyPZe4MgqvfeYDBFedMoGGpEw/LqOeaOT+nhxU+yHo=
